// !$*UTF8*$!
{
	archiveVersion = 1;
	classes = {
	};
	objectVersion = 51;
	objects = {

/* Begin PBXBuildFile section */
		18316CF524CD3FA900E23B62 /* QrController.swift in Sources */ = {isa = PBXBuildFile; fileRef = 18316CF424CD3FA900E23B62 /* QrController.swift */; };
		1866D20526232C4B00C7A3C7 /* WinningNumberVC.swift in Sources */ = {isa = PBXBuildFile; fileRef = 1866D20326232C4B00C7A3C7 /* WinningNumberVC.swift */; };
		1866D20626232C4B00C7A3C7 /* WinningNumberVC.xib in Resources */ = {isa = PBXBuildFile; fileRef = 1866D20426232C4B00C7A3C7 /* WinningNumberVC.xib */; };
		1866D20B26232D8E00C7A3C7 /* KQSXVC.swift in Sources */ = {isa = PBXBuildFile; fileRef = 1866D20926232D8E00C7A3C7 /* KQSXVC.swift */; };
		1866D20C26232D8E00C7A3C7 /* KQSXVC.xib in Resources */ = {isa = PBXBuildFile; fileRef = 1866D20A26232D8E00C7A3C7 /* KQSXVC.xib */; };
		1866D21226232F2A00C7A3C7 /* KUVC.swift in Sources */ = {isa = PBXBuildFile; fileRef = 1866D21026232F2A00C7A3C7 /* KUVC.swift */; };
		1866D21326232F2A00C7A3C7 /* KUVC.xib in Resources */ = {isa = PBXBuildFile; fileRef = 1866D21126232F2A00C7A3C7 /* KUVC.xib */; };
		1866D21A2623433300C7A3C7 /* THAVC.swift in Sources */ = {isa = PBXBuildFile; fileRef = 1866D2182623433300C7A3C7 /* THAVC.swift */; };
		1866D21B2623433300C7A3C7 /* THAVC.xib in Resources */ = {isa = PBXBuildFile; fileRef = 1866D2192623433300C7A3C7 /* THAVC.xib */; };
		1866D2202623434900C7A3C7 /* YoutubeVC.swift in Sources */ = {isa = PBXBuildFile; fileRef = 1866D21E2623434900C7A3C7 /* YoutubeVC.swift */; };
		1866D2212623434900C7A3C7 /* YoutubeVC.xib in Resources */ = {isa = PBXBuildFile; fileRef = 1866D21F2623434900C7A3C7 /* YoutubeVC.xib */; };
		1866D22626234F0700C7A3C7 /* HomeVC.swift in Sources */ = {isa = PBXBuildFile; fileRef = 1866D22426234F0700C7A3C7 /* HomeVC.swift */; };
		1866D22726234F0700C7A3C7 /* HomeVC.xib in Resources */ = {isa = PBXBuildFile; fileRef = 1866D22526234F0700C7A3C7 /* HomeVC.xib */; };
		186B1B362620C1B100496217 /* TabbarVC.swift in Sources */ = {isa = PBXBuildFile; fileRef = 186B1B342620C1B100496217 /* TabbarVC.swift */; };
		186B1B372620C1B100496217 /* TabbarVC.xib in Resources */ = {isa = PBXBuildFile; fileRef = 186B1B352620C1B100496217 /* TabbarVC.xib */; };
		186B1B402620C1D500496217 /* CustomTabbarView.xib in Resources */ = {isa = PBXBuildFile; fileRef = 186B1B3A2620C1D500496217 /* CustomTabbarView.xib */; };
		186B1B412620C1D500496217 /* CustomTabbarView.swift in Sources */ = {isa = PBXBuildFile; fileRef = 186B1B3B2620C1D500496217 /* CustomTabbarView.swift */; };
		186B1B422620C1D500496217 /* TabbarView.swift in Sources */ = {isa = PBXBuildFile; fileRef = 186B1B3C2620C1D500496217 /* TabbarView.swift */; };
		186B1B432620C1D500496217 /* TabbarView.xib in Resources */ = {isa = PBXBuildFile; fileRef = 186B1B3D2620C1D500496217 /* TabbarView.xib */; };
		186B1B442620C1D500496217 /* CustomTabbarSubView.swift in Sources */ = {isa = PBXBuildFile; fileRef = 186B1B3E2620C1D500496217 /* CustomTabbarSubView.swift */; };
		186B1B452620C1D500496217 /* CustomTabbarSubView.xib in Resources */ = {isa = PBXBuildFile; fileRef = 186B1B3F2620C1D500496217 /* CustomTabbarSubView.xib */; };
		186B1B522620C26000496217 /* BaseVC.swift in Sources */ = {isa = PBXBuildFile; fileRef = 186B1B512620C26000496217 /* BaseVC.swift */; };
		186B1B552620C29E00496217 /* UIStackView+Extension.swift in Sources */ = {isa = PBXBuildFile; fileRef = 186B1B542620C29E00496217 /* UIStackView+Extension.swift */; };
		186B1B592620C2E900496217 /* BaseCustomView.swift in Sources */ = {isa = PBXBuildFile; fileRef = 186B1B582620C2E900496217 /* BaseCustomView.swift */; };
		186B1B5D2620C35F00496217 /* UIColor+Extension.swift in Sources */ = {isa = PBXBuildFile; fileRef = 186B1B5C2620C35F00496217 /* UIColor+Extension.swift */; };
		186B1B602620C3B300496217 /* AutoLayoutHelper.swift in Sources */ = {isa = PBXBuildFile; fileRef = 186B1B5F2620C3B300496217 /* AutoLayoutHelper.swift */; };
		186B1B632620C3F400496217 /* UIViewController+Extension.swift in Sources */ = {isa = PBXBuildFile; fileRef = 186B1B622620C3F400496217 /* UIViewController+Extension.swift */; };
		186B1B662620C68400496217 /* Utils.swift in Sources */ = {isa = PBXBuildFile; fileRef = 186B1B652620C68400496217 /* Utils.swift */; };
		186B1B742620C78000496217 /* VCService.swift in Sources */ = {isa = PBXBuildFile; fileRef = 186B1B732620C78000496217 /* VCService.swift */; };
		186B1B772620C8D700496217 /* UIView+Extension.swift in Sources */ = {isa = PBXBuildFile; fileRef = 186B1B762620C8D700496217 /* UIView+Extension.swift */; };
		1885C53524DC1AE800915D14 /* ContainerController.swift in Sources */ = {isa = PBXBuildFile; fileRef = 1885C53424DC1AE800915D14 /* ContainerController.swift */; };
		1885C53724DC1B2F00915D14 /* MenuController.swift in Sources */ = {isa = PBXBuildFile; fileRef = 1885C53624DC1B2F00915D14 /* MenuController.swift */; };
		1885C53924DC1B5800915D14 /* ProtocolsConstants.swift in Sources */ = {isa = PBXBuildFile; fileRef = 1885C53824DC1B5800915D14 /* ProtocolsConstants.swift */; };
		1885C53F24DC1C5B00915D14 /* MenuOptionCell.swift in Sources */ = {isa = PBXBuildFile; fileRef = 1885C53E24DC1C5B00915D14 /* MenuOptionCell.swift */; };
		1885C54324DC1D5600915D14 /* Extensions.swift in Sources */ = {isa = PBXBuildFile; fileRef = 1885C54224DC1D5600915D14 /* Extensions.swift */; };
		1888874E24DD5A6F00A892C7 /* GlobalFuncs.swift in Sources */ = {isa = PBXBuildFile; fileRef = 1888874D24DD5A6F00A892C7 /* GlobalFuncs.swift */; };
		188D11E6235438DF00724124 /* Website in Resources */ = {isa = PBXBuildFile; fileRef = 188D11E5235438DF00724124 /* Website */; };
		1890814B234C46B60062A7BB /* AppDelegate.swift in Sources */ = {isa = PBXBuildFile; fileRef = 1890814A234C46B60062A7BB /* AppDelegate.swift */; };
		1890814F234C46B60062A7BB /* HomeController.swift in Sources */ = {isa = PBXBuildFile; fileRef = 1890814E234C46B60062A7BB /* HomeController.swift */; };
		18908152234C46B60062A7BB /* Main.storyboard in Resources */ = {isa = PBXBuildFile; fileRef = 18908150234C46B60062A7BB /* Main.storyboard */; };
		18908157234C46B70062A7BB /* LaunchScreen.storyboard in Resources */ = {isa = PBXBuildFile; fileRef = 18908155234C46B70062A7BB /* LaunchScreen.storyboard */; };
		1890815F234C5C5D0062A7BB /* Settings.swift in Sources */ = {isa = PBXBuildFile; fileRef = 1890815E234C5C5D0062A7BB /* Settings.swift */; };
		189087A324DFC671007E241D /* AddGifs.swift in Sources */ = {isa = PBXBuildFile; fileRef = 189087A224DFC671007E241D /* AddGifs.swift */; };
		189087A924DFCE2B007E241D /* animatedText.gif in Resources */ = {isa = PBXBuildFile; fileRef = 189087A824DFCE2B007E241D /* animatedText.gif */; };
		189B86BB24F0998C001B6D32 /* URLEncodedFormEncoder.swift in Sources */ = {isa = PBXBuildFile; fileRef = 189B869824F0997E001B6D32 /* URLEncodedFormEncoder.swift */; };
		189B86BC24F0998C001B6D32 /* RetryPolicy.swift in Sources */ = {isa = PBXBuildFile; fileRef = 189B869924F0997F001B6D32 /* RetryPolicy.swift */; };
		189B86BD24F0998C001B6D32 /* AlamofireExtended.swift in Sources */ = {isa = PBXBuildFile; fileRef = 189B869A24F0997F001B6D32 /* AlamofireExtended.swift */; };
		189B86BE24F0998C001B6D32 /* Session.swift in Sources */ = {isa = PBXBuildFile; fileRef = 189B869B24F09980001B6D32 /* Session.swift */; };
		189B86BF24F0998C001B6D32 /* RequestInterceptor.swift in Sources */ = {isa = PBXBuildFile; fileRef = 189B869C24F09980001B6D32 /* RequestInterceptor.swift */; };
		189B86C024F0998C001B6D32 /* RequestTaskMap.swift in Sources */ = {isa = PBXBuildFile; fileRef = 189B869D24F09980001B6D32 /* RequestTaskMap.swift */; };
		189B86C124F0998C001B6D32 /* Protected.swift in Sources */ = {isa = PBXBuildFile; fileRef = 189B869E24F09981001B6D32 /* Protected.swift */; };
		189B86C224F0998C001B6D32 /* RedirectHandler.swift in Sources */ = {isa = PBXBuildFile; fileRef = 189B869F24F09981001B6D32 /* RedirectHandler.swift */; };
		189B86C324F0998C001B6D32 /* ServerTrustEvaluation.swift in Sources */ = {isa = PBXBuildFile; fileRef = 189B86A024F09981001B6D32 /* ServerTrustEvaluation.swift */; };
		189B86C424F0998C001B6D32 /* Notifications.swift in Sources */ = {isa = PBXBuildFile; fileRef = 189B86A124F09982001B6D32 /* Notifications.swift */; };
		189B86C524F0998C001B6D32 /* ParameterEncoder.swift in Sources */ = {isa = PBXBuildFile; fileRef = 189B86A224F09982001B6D32 /* ParameterEncoder.swift */; };
		189B86C624F0998C001B6D32 /* CachedResponseHandler.swift in Sources */ = {isa = PBXBuildFile; fileRef = 189B86A324F09983001B6D32 /* CachedResponseHandler.swift */; };
		189B86C724F0998C001B6D32 /* DispatchQueue+Alamofire.swift in Sources */ = {isa = PBXBuildFile; fileRef = 189B86A424F09983001B6D32 /* DispatchQueue+Alamofire.swift */; };
		189B86C824F0998C001B6D32 /* MultipartFormData.swift in Sources */ = {isa = PBXBuildFile; fileRef = 189B86A524F09983001B6D32 /* MultipartFormData.swift */; };
		189B86C924F0998C001B6D32 /* URLRequest+Alamofire.swift in Sources */ = {isa = PBXBuildFile; fileRef = 189B86A624F09984001B6D32 /* URLRequest+Alamofire.swift */; };
		189B86CA24F0998C001B6D32 /* Validation.swift in Sources */ = {isa = PBXBuildFile; fileRef = 189B86A724F09984001B6D32 /* Validation.swift */; };
		189B86CB24F0998C001B6D32 /* Request.swift in Sources */ = {isa = PBXBuildFile; fileRef = 189B86A824F09985001B6D32 /* Request.swift */; };
		189B86CC24F0998C001B6D32 /* MultipartUpload.swift in Sources */ = {isa = PBXBuildFile; fileRef = 189B86A924F09985001B6D32 /* MultipartUpload.swift */; };
		189B86CD24F0998C001B6D32 /* Alamofire.swift in Sources */ = {isa = PBXBuildFile; fileRef = 189B86AA24F09985001B6D32 /* Alamofire.swift */; };
		189B86CE24F0998C001B6D32 /* Response.swift in Sources */ = {isa = PBXBuildFile; fileRef = 189B86AB24F09986001B6D32 /* Response.swift */; };
		189B86CF24F0998C001B6D32 /* Combine.swift in Sources */ = {isa = PBXBuildFile; fileRef = 189B86AC24F09986001B6D32 /* Combine.swift */; };
		189B86D024F0998C001B6D32 /* Result+Alamofire.swift in Sources */ = {isa = PBXBuildFile; fileRef = 189B86AD24F09986001B6D32 /* Result+Alamofire.swift */; };
		189B86D124F0998C001B6D32 /* URLSessionConfiguration+Alamofire.swift in Sources */ = {isa = PBXBuildFile; fileRef = 189B86AE24F09987001B6D32 /* URLSessionConfiguration+Alamofire.swift */; };
		189B86D224F0998C001B6D32 /* HTTPHeaders.swift in Sources */ = {isa = PBXBuildFile; fileRef = 189B86AF24F09987001B6D32 /* HTTPHeaders.swift */; };
		189B86D324F0998C001B6D32 /* HTTPMethod.swift in Sources */ = {isa = PBXBuildFile; fileRef = 189B86B024F09988001B6D32 /* HTTPMethod.swift */; };
		189B86D424F0998C001B6D32 /* ResponseSerialization.swift in Sources */ = {isa = PBXBuildFile; fileRef = 189B86B124F09988001B6D32 /* ResponseSerialization.swift */; };
		189B86D524F0998C001B6D32 /* ParameterEncoding.swift in Sources */ = {isa = PBXBuildFile; fileRef = 189B86B224F09988001B6D32 /* ParameterEncoding.swift */; };
		189B86D624F0998C001B6D32 /* StringEncoding+Alamofire.swift in Sources */ = {isa = PBXBuildFile; fileRef = 189B86B324F09989001B6D32 /* StringEncoding+Alamofire.swift */; };
		189B86D724F0998C001B6D32 /* AFError.swift in Sources */ = {isa = PBXBuildFile; fileRef = 189B86B424F09989001B6D32 /* AFError.swift */; };
		189B86D824F0998C001B6D32 /* URLConvertible+URLRequestConvertible.swift in Sources */ = {isa = PBXBuildFile; fileRef = 189B86B524F0998A001B6D32 /* URLConvertible+URLRequestConvertible.swift */; };
		189B86D924F0998C001B6D32 /* EventMonitor.swift in Sources */ = {isa = PBXBuildFile; fileRef = 189B86B624F0998A001B6D32 /* EventMonitor.swift */; };
		189B86DA24F0998C001B6D32 /* SessionDelegate.swift in Sources */ = {isa = PBXBuildFile; fileRef = 189B86B724F0998B001B6D32 /* SessionDelegate.swift */; };
		189B86DB24F0998C001B6D32 /* OperationQueue+Alamofire.swift in Sources */ = {isa = PBXBuildFile; fileRef = 189B86B824F0998B001B6D32 /* OperationQueue+Alamofire.swift */; };
		189B86DC24F0998C001B6D32 /* AuthenticationInterceptor.swift in Sources */ = {isa = PBXBuildFile; fileRef = 189B86B924F0998B001B6D32 /* AuthenticationInterceptor.swift */; };
		189B86DD24F0998C001B6D32 /* NetworkReachabilityManager.swift in Sources */ = {isa = PBXBuildFile; fileRef = 189B86BA24F0998C001B6D32 /* NetworkReachabilityManager.swift */; };
		18E02C4724B854580046EC6E /* HexColor.swift in Sources */ = {isa = PBXBuildFile; fileRef = 18E02C4324B854570046EC6E /* HexColor.swift */; };
		18E02C4824B854580046EC6E /* FileDownload.swift in Sources */ = {isa = PBXBuildFile; fileRef = 18E02C4424B854570046EC6E /* FileDownload.swift */; };
		18E02C4924B854580046EC6E /* Reachability.swift in Sources */ = {isa = PBXBuildFile; fileRef = 18E02C4524B854570046EC6E /* Reachability.swift */; };
		18E02C4A24B854580046EC6E /* ConnectionCheck.swift in Sources */ = {isa = PBXBuildFile; fileRef = 18E02C4624B854580046EC6E /* ConnectionCheck.swift */; };
		18EC1A1D234F02360089DC31 /* Assets.xcassets in Resources */ = {isa = PBXBuildFile; fileRef = 18EC1A1C234F02360089DC31 /* Assets.xcassets */; };
		18F7DC8924E8B17D00F30A44 /* StoreKit.framework in Frameworks */ = {isa = PBXBuildFile; fileRef = 18F7DC8824E8B17D00F30A44 /* StoreKit.framework */; };
		18FDEDB824B9F1540000C029 /* test.css in Resources */ = {isa = PBXBuildFile; fileRef = 18FDEDB724B9F1540000C029 /* test.css */; };
		18FDEDBA24B9F1840000C029 /* test.js in Resources */ = {isa = PBXBuildFile; fileRef = 18FDEDB924B9F1840000C029 /* test.js */; };
		18FDEDBD24B9F2080000C029 /* InjectUtils.swift in Sources */ = {isa = PBXBuildFile; fileRef = 18FDEDBC24B9F2080000C029 /* InjectUtils.swift */; };
		7CBABAD82F1F50761B5D3ABC /* Pods_Convertify.framework in Frameworks */ = {isa = PBXBuildFile; fileRef = 7436512C883B36ED736C8D61 /* Pods_Convertify.framework */; };
/* End PBXBuildFile section */

/* Begin PBXCopyFilesBuildPhase section */
		1899001E235A17F600CDE3FF /* Embed App Extensions */ = {
			isa = PBXCopyFilesBuildPhase;
			buildActionMask = 2147483647;
			dstPath = "";
			dstSubfolderSpec = 13;
			files = (
			);
			name = "Embed App Extensions";
			runOnlyForDeploymentPostprocessing = 0;
		};
/* End PBXCopyFilesBuildPhase section */

/* Begin PBXFileReference section */
		0EE8F36262A25C8952330E09 /* Pods-Convertify.debug.xcconfig */ = {isa = PBXFileReference; includeInIndex = 1; lastKnownFileType = text.xcconfig; name = "Pods-Convertify.debug.xcconfig"; path = "Target Support Files/Pods-Convertify/Pods-Convertify.debug.xcconfig"; sourceTree = "<group>"; };
		18316CF424CD3FA900E23B62 /* QrController.swift */ = {isa = PBXFileReference; lastKnownFileType = sourcecode.swift; path = QrController.swift; sourceTree = "<group>"; };
		1866D20326232C4B00C7A3C7 /* WinningNumberVC.swift */ = {isa = PBXFileReference; lastKnownFileType = sourcecode.swift; path = WinningNumberVC.swift; sourceTree = "<group>"; };
		1866D20426232C4B00C7A3C7 /* WinningNumberVC.xib */ = {isa = PBXFileReference; lastKnownFileType = file.xib; path = WinningNumberVC.xib; sourceTree = "<group>"; };
		1866D20926232D8E00C7A3C7 /* KQSXVC.swift */ = {isa = PBXFileReference; lastKnownFileType = sourcecode.swift; path = KQSXVC.swift; sourceTree = "<group>"; };
		1866D20A26232D8E00C7A3C7 /* KQSXVC.xib */ = {isa = PBXFileReference; lastKnownFileType = file.xib; path = KQSXVC.xib; sourceTree = "<group>"; };
		1866D21026232F2A00C7A3C7 /* KUVC.swift */ = {isa = PBXFileReference; lastKnownFileType = sourcecode.swift; path = KUVC.swift; sourceTree = "<group>"; };
		1866D21126232F2A00C7A3C7 /* KUVC.xib */ = {isa = PBXFileReference; lastKnownFileType = file.xib; path = KUVC.xib; sourceTree = "<group>"; };
		1866D2182623433300C7A3C7 /* THAVC.swift */ = {isa = PBXFileReference; lastKnownFileType = sourcecode.swift; path = THAVC.swift; sourceTree = "<group>"; };
		1866D2192623433300C7A3C7 /* THAVC.xib */ = {isa = PBXFileReference; lastKnownFileType = file.xib; path = THAVC.xib; sourceTree = "<group>"; };
		1866D21E2623434900C7A3C7 /* YoutubeVC.swift */ = {isa = PBXFileReference; lastKnownFileType = sourcecode.swift; path = YoutubeVC.swift; sourceTree = "<group>"; };
		1866D21F2623434900C7A3C7 /* YoutubeVC.xib */ = {isa = PBXFileReference; lastKnownFileType = file.xib; path = YoutubeVC.xib; sourceTree = "<group>"; };
		1866D22426234F0700C7A3C7 /* HomeVC.swift */ = {isa = PBXFileReference; lastKnownFileType = sourcecode.swift; path = HomeVC.swift; sourceTree = "<group>"; };
		1866D22526234F0700C7A3C7 /* HomeVC.xib */ = {isa = PBXFileReference; lastKnownFileType = file.xib; path = HomeVC.xib; sourceTree = "<group>"; };
		186B1B342620C1B100496217 /* TabbarVC.swift */ = {isa = PBXFileReference; fileEncoding = 4; lastKnownFileType = sourcecode.swift; path = TabbarVC.swift; sourceTree = "<group>"; };
		186B1B352620C1B100496217 /* TabbarVC.xib */ = {isa = PBXFileReference; fileEncoding = 4; lastKnownFileType = file.xib; path = TabbarVC.xib; sourceTree = "<group>"; };
		186B1B3A2620C1D500496217 /* CustomTabbarView.xib */ = {isa = PBXFileReference; fileEncoding = 4; lastKnownFileType = file.xib; path = CustomTabbarView.xib; sourceTree = "<group>"; };
		186B1B3B2620C1D500496217 /* CustomTabbarView.swift */ = {isa = PBXFileReference; fileEncoding = 4; lastKnownFileType = sourcecode.swift; path = CustomTabbarView.swift; sourceTree = "<group>"; };
		186B1B3C2620C1D500496217 /* TabbarView.swift */ = {isa = PBXFileReference; fileEncoding = 4; lastKnownFileType = sourcecode.swift; path = TabbarView.swift; sourceTree = "<group>"; };
		186B1B3D2620C1D500496217 /* TabbarView.xib */ = {isa = PBXFileReference; fileEncoding = 4; lastKnownFileType = file.xib; path = TabbarView.xib; sourceTree = "<group>"; };
		186B1B3E2620C1D500496217 /* CustomTabbarSubView.swift */ = {isa = PBXFileReference; fileEncoding = 4; lastKnownFileType = sourcecode.swift; path = CustomTabbarSubView.swift; sourceTree = "<group>"; };
		186B1B3F2620C1D500496217 /* CustomTabbarSubView.xib */ = {isa = PBXFileReference; fileEncoding = 4; lastKnownFileType = file.xib; path = CustomTabbarSubView.xib; sourceTree = "<group>"; };
		186B1B512620C26000496217 /* BaseVC.swift */ = {isa = PBXFileReference; fileEncoding = 4; lastKnownFileType = sourcecode.swift; path = BaseVC.swift; sourceTree = "<group>"; };
		186B1B542620C29E00496217 /* UIStackView+Extension.swift */ = {isa = PBXFileReference; lastKnownFileType = sourcecode.swift; path = "UIStackView+Extension.swift"; sourceTree = "<group>"; };
		186B1B582620C2E900496217 /* BaseCustomView.swift */ = {isa = PBXFileReference; fileEncoding = 4; lastKnownFileType = sourcecode.swift; path = BaseCustomView.swift; sourceTree = "<group>"; };
		186B1B5C2620C35F00496217 /* UIColor+Extension.swift */ = {isa = PBXFileReference; fileEncoding = 4; lastKnownFileType = sourcecode.swift; path = "UIColor+Extension.swift"; sourceTree = "<group>"; };
		186B1B5F2620C3B300496217 /* AutoLayoutHelper.swift */ = {isa = PBXFileReference; fileEncoding = 4; lastKnownFileType = sourcecode.swift; path = AutoLayoutHelper.swift; sourceTree = "<group>"; };
		186B1B622620C3F400496217 /* UIViewController+Extension.swift */ = {isa = PBXFileReference; lastKnownFileType = sourcecode.swift; path = "UIViewController+Extension.swift"; sourceTree = "<group>"; };
		186B1B652620C68400496217 /* Utils.swift */ = {isa = PBXFileReference; fileEncoding = 4; lastKnownFileType = sourcecode.swift; path = Utils.swift; sourceTree = "<group>"; };
		186B1B732620C78000496217 /* VCService.swift */ = {isa = PBXFileReference; fileEncoding = 4; lastKnownFileType = sourcecode.swift; path = VCService.swift; sourceTree = "<group>"; };
		186B1B762620C8D700496217 /* UIView+Extension.swift */ = {isa = PBXFileReference; lastKnownFileType = sourcecode.swift; path = "UIView+Extension.swift"; sourceTree = "<group>"; };
		1885C53424DC1AE800915D14 /* ContainerController.swift */ = {isa = PBXFileReference; lastKnownFileType = sourcecode.swift; path = ContainerController.swift; sourceTree = "<group>"; };
		1885C53624DC1B2F00915D14 /* MenuController.swift */ = {isa = PBXFileReference; lastKnownFileType = sourcecode.swift; path = MenuController.swift; sourceTree = "<group>"; };
		1885C53824DC1B5800915D14 /* ProtocolsConstants.swift */ = {isa = PBXFileReference; lastKnownFileType = sourcecode.swift; path = ProtocolsConstants.swift; sourceTree = "<group>"; };
		1885C53E24DC1C5B00915D14 /* MenuOptionCell.swift */ = {isa = PBXFileReference; lastKnownFileType = sourcecode.swift; path = MenuOptionCell.swift; sourceTree = "<group>"; };
		1885C54224DC1D5600915D14 /* Extensions.swift */ = {isa = PBXFileReference; lastKnownFileType = sourcecode.swift; path = Extensions.swift; sourceTree = "<group>"; };
		1888874D24DD5A6F00A892C7 /* GlobalFuncs.swift */ = {isa = PBXFileReference; lastKnownFileType = sourcecode.swift; path = GlobalFuncs.swift; sourceTree = "<group>"; };
		188D11E5235438DF00724124 /* Website */ = {isa = PBXFileReference; lastKnownFileType = folder; path = Website; sourceTree = "<group>"; };
		18908147234C46B60062A7BB /* Convertify App.app */ = {isa = PBXFileReference; explicitFileType = wrapper.application; includeInIndex = 0; path = "Convertify App.app"; sourceTree = BUILT_PRODUCTS_DIR; };
		1890814A234C46B60062A7BB /* AppDelegate.swift */ = {isa = PBXFileReference; lastKnownFileType = sourcecode.swift; path = AppDelegate.swift; sourceTree = "<group>"; };
		1890814E234C46B60062A7BB /* HomeController.swift */ = {isa = PBXFileReference; lastKnownFileType = sourcecode.swift; path = HomeController.swift; sourceTree = "<group>"; };
		18908151234C46B60062A7BB /* Base */ = {isa = PBXFileReference; lastKnownFileType = file.storyboard; name = Base; path = Base.lproj/Main.storyboard; sourceTree = "<group>"; };
		18908156234C46B70062A7BB /* Base */ = {isa = PBXFileReference; lastKnownFileType = file.storyboard; name = Base; path = Base.lproj/LaunchScreen.storyboard; sourceTree = "<group>"; };
		18908158234C46B70062A7BB /* Info.plist */ = {isa = PBXFileReference; lastKnownFileType = text.plist.xml; path = Info.plist; sourceTree = "<group>"; };
		1890815E234C5C5D0062A7BB /* Settings.swift */ = {isa = PBXFileReference; lastKnownFileType = sourcecode.swift; path = Settings.swift; sourceTree = "<group>"; };
		189087A224DFC671007E241D /* AddGifs.swift */ = {isa = PBXFileReference; lastKnownFileType = sourcecode.swift; path = AddGifs.swift; sourceTree = "<group>"; };
		189087A824DFCE2B007E241D /* animatedText.gif */ = {isa = PBXFileReference; lastKnownFileType = image.gif; path = animatedText.gif; sourceTree = "<group>"; };
		18990015235A17F600CDE3FF /* NotificationService.swift */ = {isa = PBXFileReference; lastKnownFileType = sourcecode.swift; path = NotificationService.swift; sourceTree = "<group>"; };
		18990017235A17F600CDE3FF /* Info.plist */ = {isa = PBXFileReference; lastKnownFileType = text.plist.xml; path = Info.plist; sourceTree = "<group>"; };
		1899001F235A1CCD00CDE3FF /* Convertify.entitlements */ = {isa = PBXFileReference; lastKnownFileType = text.plist.entitlements; path = Convertify.entitlements; sourceTree = "<group>"; };
		189B869824F0997E001B6D32 /* URLEncodedFormEncoder.swift */ = {isa = PBXFileReference; fileEncoding = 4; lastKnownFileType = sourcecode.swift; path = URLEncodedFormEncoder.swift; sourceTree = "<group>"; };
		189B869924F0997F001B6D32 /* RetryPolicy.swift */ = {isa = PBXFileReference; fileEncoding = 4; lastKnownFileType = sourcecode.swift; path = RetryPolicy.swift; sourceTree = "<group>"; };
		189B869A24F0997F001B6D32 /* AlamofireExtended.swift */ = {isa = PBXFileReference; fileEncoding = 4; lastKnownFileType = sourcecode.swift; path = AlamofireExtended.swift; sourceTree = "<group>"; };
		189B869B24F09980001B6D32 /* Session.swift */ = {isa = PBXFileReference; fileEncoding = 4; lastKnownFileType = sourcecode.swift; path = Session.swift; sourceTree = "<group>"; };
		189B869C24F09980001B6D32 /* RequestInterceptor.swift */ = {isa = PBXFileReference; fileEncoding = 4; lastKnownFileType = sourcecode.swift; path = RequestInterceptor.swift; sourceTree = "<group>"; };
		189B869D24F09980001B6D32 /* RequestTaskMap.swift */ = {isa = PBXFileReference; fileEncoding = 4; lastKnownFileType = sourcecode.swift; path = RequestTaskMap.swift; sourceTree = "<group>"; };
		189B869E24F09981001B6D32 /* Protected.swift */ = {isa = PBXFileReference; fileEncoding = 4; lastKnownFileType = sourcecode.swift; path = Protected.swift; sourceTree = "<group>"; };
		189B869F24F09981001B6D32 /* RedirectHandler.swift */ = {isa = PBXFileReference; fileEncoding = 4; lastKnownFileType = sourcecode.swift; path = RedirectHandler.swift; sourceTree = "<group>"; };
		189B86A024F09981001B6D32 /* ServerTrustEvaluation.swift */ = {isa = PBXFileReference; fileEncoding = 4; lastKnownFileType = sourcecode.swift; path = ServerTrustEvaluation.swift; sourceTree = "<group>"; };
		189B86A124F09982001B6D32 /* Notifications.swift */ = {isa = PBXFileReference; fileEncoding = 4; lastKnownFileType = sourcecode.swift; path = Notifications.swift; sourceTree = "<group>"; };
		189B86A224F09982001B6D32 /* ParameterEncoder.swift */ = {isa = PBXFileReference; fileEncoding = 4; lastKnownFileType = sourcecode.swift; path = ParameterEncoder.swift; sourceTree = "<group>"; };
		189B86A324F09983001B6D32 /* CachedResponseHandler.swift */ = {isa = PBXFileReference; fileEncoding = 4; lastKnownFileType = sourcecode.swift; path = CachedResponseHandler.swift; sourceTree = "<group>"; };
		189B86A424F09983001B6D32 /* DispatchQueue+Alamofire.swift */ = {isa = PBXFileReference; fileEncoding = 4; lastKnownFileType = sourcecode.swift; path = "DispatchQueue+Alamofire.swift"; sourceTree = "<group>"; };
		189B86A524F09983001B6D32 /* MultipartFormData.swift */ = {isa = PBXFileReference; fileEncoding = 4; lastKnownFileType = sourcecode.swift; path = MultipartFormData.swift; sourceTree = "<group>"; };
		189B86A624F09984001B6D32 /* URLRequest+Alamofire.swift */ = {isa = PBXFileReference; fileEncoding = 4; lastKnownFileType = sourcecode.swift; path = "URLRequest+Alamofire.swift"; sourceTree = "<group>"; };
		189B86A724F09984001B6D32 /* Validation.swift */ = {isa = PBXFileReference; fileEncoding = 4; lastKnownFileType = sourcecode.swift; path = Validation.swift; sourceTree = "<group>"; };
		189B86A824F09985001B6D32 /* Request.swift */ = {isa = PBXFileReference; fileEncoding = 4; lastKnownFileType = sourcecode.swift; path = Request.swift; sourceTree = "<group>"; };
		189B86A924F09985001B6D32 /* MultipartUpload.swift */ = {isa = PBXFileReference; fileEncoding = 4; lastKnownFileType = sourcecode.swift; path = MultipartUpload.swift; sourceTree = "<group>"; };
		189B86AA24F09985001B6D32 /* Alamofire.swift */ = {isa = PBXFileReference; fileEncoding = 4; lastKnownFileType = sourcecode.swift; path = Alamofire.swift; sourceTree = "<group>"; };
		189B86AB24F09986001B6D32 /* Response.swift */ = {isa = PBXFileReference; fileEncoding = 4; lastKnownFileType = sourcecode.swift; path = Response.swift; sourceTree = "<group>"; };
		189B86AC24F09986001B6D32 /* Combine.swift */ = {isa = PBXFileReference; fileEncoding = 4; lastKnownFileType = sourcecode.swift; path = Combine.swift; sourceTree = "<group>"; };
		189B86AD24F09986001B6D32 /* Result+Alamofire.swift */ = {isa = PBXFileReference; fileEncoding = 4; lastKnownFileType = sourcecode.swift; path = "Result+Alamofire.swift"; sourceTree = "<group>"; };
		189B86AE24F09987001B6D32 /* URLSessionConfiguration+Alamofire.swift */ = {isa = PBXFileReference; fileEncoding = 4; lastKnownFileType = sourcecode.swift; path = "URLSessionConfiguration+Alamofire.swift"; sourceTree = "<group>"; };
		189B86AF24F09987001B6D32 /* HTTPHeaders.swift */ = {isa = PBXFileReference; fileEncoding = 4; lastKnownFileType = sourcecode.swift; path = HTTPHeaders.swift; sourceTree = "<group>"; };
		189B86B024F09988001B6D32 /* HTTPMethod.swift */ = {isa = PBXFileReference; fileEncoding = 4; lastKnownFileType = sourcecode.swift; path = HTTPMethod.swift; sourceTree = "<group>"; };
		189B86B124F09988001B6D32 /* ResponseSerialization.swift */ = {isa = PBXFileReference; fileEncoding = 4; lastKnownFileType = sourcecode.swift; path = ResponseSerialization.swift; sourceTree = "<group>"; };
		189B86B224F09988001B6D32 /* ParameterEncoding.swift */ = {isa = PBXFileReference; fileEncoding = 4; lastKnownFileType = sourcecode.swift; path = ParameterEncoding.swift; sourceTree = "<group>"; };
		189B86B324F09989001B6D32 /* StringEncoding+Alamofire.swift */ = {isa = PBXFileReference; fileEncoding = 4; lastKnownFileType = sourcecode.swift; path = "StringEncoding+Alamofire.swift"; sourceTree = "<group>"; };
		189B86B424F09989001B6D32 /* AFError.swift */ = {isa = PBXFileReference; fileEncoding = 4; lastKnownFileType = sourcecode.swift; path = AFError.swift; sourceTree = "<group>"; };
		189B86B524F0998A001B6D32 /* URLConvertible+URLRequestConvertible.swift */ = {isa = PBXFileReference; fileEncoding = 4; lastKnownFileType = sourcecode.swift; path = "URLConvertible+URLRequestConvertible.swift"; sourceTree = "<group>"; };
		189B86B624F0998A001B6D32 /* EventMonitor.swift */ = {isa = PBXFileReference; fileEncoding = 4; lastKnownFileType = sourcecode.swift; path = EventMonitor.swift; sourceTree = "<group>"; };
		189B86B724F0998B001B6D32 /* SessionDelegate.swift */ = {isa = PBXFileReference; fileEncoding = 4; lastKnownFileType = sourcecode.swift; path = SessionDelegate.swift; sourceTree = "<group>"; };
		189B86B824F0998B001B6D32 /* OperationQueue+Alamofire.swift */ = {isa = PBXFileReference; fileEncoding = 4; lastKnownFileType = sourcecode.swift; path = "OperationQueue+Alamofire.swift"; sourceTree = "<group>"; };
		189B86B924F0998B001B6D32 /* AuthenticationInterceptor.swift */ = {isa = PBXFileReference; fileEncoding = 4; lastKnownFileType = sourcecode.swift; path = AuthenticationInterceptor.swift; sourceTree = "<group>"; };
		189B86BA24F0998C001B6D32 /* NetworkReachabilityManager.swift */ = {isa = PBXFileReference; fileEncoding = 4; lastKnownFileType = sourcecode.swift; path = NetworkReachabilityManager.swift; sourceTree = "<group>"; };
		18E02C4324B854570046EC6E /* HexColor.swift */ = {isa = PBXFileReference; fileEncoding = 4; lastKnownFileType = sourcecode.swift; path = HexColor.swift; sourceTree = "<group>"; };
		18E02C4424B854570046EC6E /* FileDownload.swift */ = {isa = PBXFileReference; fileEncoding = 4; lastKnownFileType = sourcecode.swift; path = FileDownload.swift; sourceTree = "<group>"; };
		18E02C4524B854570046EC6E /* Reachability.swift */ = {isa = PBXFileReference; fileEncoding = 4; lastKnownFileType = sourcecode.swift; path = Reachability.swift; sourceTree = "<group>"; };
		18E02C4624B854580046EC6E /* ConnectionCheck.swift */ = {isa = PBXFileReference; fileEncoding = 4; lastKnownFileType = sourcecode.swift; path = ConnectionCheck.swift; sourceTree = "<group>"; };
		18EC1A1C234F02360089DC31 /* Assets.xcassets */ = {isa = PBXFileReference; lastKnownFileType = folder.assetcatalog; path = Assets.xcassets; sourceTree = "<group>"; };
		18F7DC8824E8B17D00F30A44 /* StoreKit.framework */ = {isa = PBXFileReference; lastKnownFileType = wrapper.framework; name = StoreKit.framework; path = System/Library/Frameworks/StoreKit.framework; sourceTree = SDKROOT; };
		18FDEDB724B9F1540000C029 /* test.css */ = {isa = PBXFileReference; fileEncoding = 4; lastKnownFileType = text.css; path = test.css; sourceTree = "<group>"; };
		18FDEDB924B9F1840000C029 /* test.js */ = {isa = PBXFileReference; fileEncoding = 4; lastKnownFileType = sourcecode.javascript; path = test.js; sourceTree = "<group>"; };
		18FDEDBC24B9F2080000C029 /* InjectUtils.swift */ = {isa = PBXFileReference; lastKnownFileType = sourcecode.swift; path = InjectUtils.swift; sourceTree = "<group>"; };
		60D62DAFA7B4B04212F1F440 /* Pods-PushNotification.release.xcconfig */ = {isa = PBXFileReference; includeInIndex = 1; lastKnownFileType = text.xcconfig; name = "Pods-PushNotification.release.xcconfig"; path = "Target Support Files/Pods-PushNotification/Pods-PushNotification.release.xcconfig"; sourceTree = "<group>"; };
		7436512C883B36ED736C8D61 /* Pods_Convertify.framework */ = {isa = PBXFileReference; explicitFileType = wrapper.framework; includeInIndex = 0; path = Pods_Convertify.framework; sourceTree = BUILT_PRODUCTS_DIR; };
		B3F057213D65A37C12A25B2D /* Pods_PushNotification.framework */ = {isa = PBXFileReference; explicitFileType = wrapper.framework; includeInIndex = 0; path = Pods_PushNotification.framework; sourceTree = BUILT_PRODUCTS_DIR; };
		CFDD0D2B40419ECF279B66B8 /* Pods-Convertify.release.xcconfig */ = {isa = PBXFileReference; includeInIndex = 1; lastKnownFileType = text.xcconfig; name = "Pods-Convertify.release.xcconfig"; path = "Target Support Files/Pods-Convertify/Pods-Convertify.release.xcconfig"; sourceTree = "<group>"; };
		E57C45DD68D2F661EC37E456 /* Pods-PushNotification.debug.xcconfig */ = {isa = PBXFileReference; includeInIndex = 1; lastKnownFileType = text.xcconfig; name = "Pods-PushNotification.debug.xcconfig"; path = "Target Support Files/Pods-PushNotification/Pods-PushNotification.debug.xcconfig"; sourceTree = "<group>"; };
/* End PBXFileReference section */

/* Begin PBXFrameworksBuildPhase section */
		18908144234C46B60062A7BB /* Frameworks */ = {
			isa = PBXFrameworksBuildPhase;
			buildActionMask = 2147483647;
			files = (
				7CBABAD82F1F50761B5D3ABC /* Pods_Convertify.framework in Frameworks */,
				18F7DC8924E8B17D00F30A44 /* StoreKit.framework in Frameworks */,
			);
			runOnlyForDeploymentPostprocessing = 0;
		};
/* End PBXFrameworksBuildPhase section */

/* Begin PBXGroup section */
		185A96E024DFD22800AF4415 /* Gif */ = {
			isa = PBXGroup;
			children = (
				189087A824DFCE2B007E241D /* animatedText.gif */,
			);
			path = Gif;
			sourceTree = "<group>";
		};
		1866D20226232C0B00C7A3C7 /* WinningNumber */ = {
			isa = PBXGroup;
			children = (
				1866D20326232C4B00C7A3C7 /* WinningNumberVC.swift */,
				1866D20426232C4B00C7A3C7 /* WinningNumberVC.xib */,
			);
			path = WinningNumber;
			sourceTree = "<group>";
		};
		1866D20826232D7E00C7A3C7 /* KQSX */ = {
			isa = PBXGroup;
			children = (
				1866D20926232D8E00C7A3C7 /* KQSXVC.swift */,
				1866D20A26232D8E00C7A3C7 /* KQSXVC.xib */,
			);
			path = KQSX;
			sourceTree = "<group>";
		};
		1866D20F26232F1B00C7A3C7 /* KU */ = {
			isa = PBXGroup;
			children = (
				1866D21026232F2A00C7A3C7 /* KUVC.swift */,
				1866D21126232F2A00C7A3C7 /* KUVC.xib */,
			);
			path = KU;
			sourceTree = "<group>";
		};
		1866D2162623431600C7A3C7 /* YOUTUBE */ = {
			isa = PBXGroup;
			children = (
				1866D21E2623434900C7A3C7 /* YoutubeVC.swift */,
				1866D21F2623434900C7A3C7 /* YoutubeVC.xib */,
			);
			path = YOUTUBE;
			sourceTree = "<group>";
		};
		1866D2172623432200C7A3C7 /* THA */ = {
			isa = PBXGroup;
			children = (
				1866D2182623433300C7A3C7 /* THAVC.swift */,
				1866D2192623433300C7A3C7 /* THAVC.xib */,
			);
			path = THA;
			sourceTree = "<group>";
		};
		1866D22326234EF500C7A3C7 /* Home */ = {
			isa = PBXGroup;
			children = (
				1866D22426234F0700C7A3C7 /* HomeVC.swift */,
				1866D22526234F0700C7A3C7 /* HomeVC.xib */,
			);
			path = Home;
			sourceTree = "<group>";
		};
		186B1B332620C16200496217 /* TabbarController */ = {
			isa = PBXGroup;
			children = (
				186B1B392620C1D500496217 /* View */,
				186B1B342620C1B100496217 /* TabbarVC.swift */,
				186B1B352620C1B100496217 /* TabbarVC.xib */,
			);
			path = TabbarController;
			sourceTree = "<group>";
		};
		186B1B392620C1D500496217 /* View */ = {
			isa = PBXGroup;
			children = (
				186B1B3A2620C1D500496217 /* CustomTabbarView.xib */,
				186B1B3B2620C1D500496217 /* CustomTabbarView.swift */,
				186B1B3C2620C1D500496217 /* TabbarView.swift */,
				186B1B3D2620C1D500496217 /* TabbarView.xib */,
				186B1B3E2620C1D500496217 /* CustomTabbarSubView.swift */,
				186B1B3F2620C1D500496217 /* CustomTabbarSubView.xib */,
			);
			path = View;
			sourceTree = "<group>";
		};
		186B1B502620C24900496217 /* Base */ = {
			isa = PBXGroup;
			children = (
				186B1B512620C26000496217 /* BaseVC.swift */,
			);
			path = Base;
			sourceTree = "<group>";
		};
		186B1B572620C2C500496217 /* CustomView */ = {
			isa = PBXGroup;
			children = (
				186B1B582620C2E900496217 /* BaseCustomView.swift */,
			);
			path = CustomView;
			sourceTree = "<group>";
		};
		186B1B5B2620C34A00496217 /* Other */ = {
			isa = PBXGroup;
			children = (
				186B1B5C2620C35F00496217 /* UIColor+Extension.swift */,
			);
			path = Other;
			sourceTree = "<group>";
		};
		186B1B722620C76900496217 /* Services */ = {
			isa = PBXGroup;
			children = (
				186B1B732620C78000496217 /* VCService.swift */,
			);
			path = Services;
			sourceTree = "<group>";
		};
		1885C53D24DC1C2200915D14 /* Cells */ = {
			isa = PBXGroup;
			children = (
				1885C53E24DC1C5B00915D14 /* MenuOptionCell.swift */,
			);
			path = Cells;
			sourceTree = "<group>";
		};
		1890813E234C46B60062A7BB = {
			isa = PBXGroup;
			children = (
				18908149234C46B60062A7BB /* Convertify */,
				18990014235A17F600CDE3FF /* PushNotification */,
				18908148234C46B60062A7BB /* Products */,
				C9C8DE2A4BCD19C8193FC006 /* Pods */,
				1D609A1570C96FC18C1BF72F /* Frameworks */,
			);
			sourceTree = "<group>";
		};
		18908148234C46B60062A7BB /* Products */ = {
			isa = PBXGroup;
			children = (
				18908147234C46B60062A7BB /* Convertify App.app */,
			);
			name = Products;
			sourceTree = "<group>";
		};
		18908149234C46B60062A7BB /* Convertify */ = {
			isa = PBXGroup;
			children = (
				186B1B572620C2C500496217 /* CustomView */,
				186B1B502620C24900496217 /* Base */,
				186B1B332620C16200496217 /* TabbarController */,
				1890815E234C5C5D0062A7BB /* Settings.swift */,
				18908162234C5D580062A7BB /* Controllers */,
				18908163234C5D6A0062A7BB /* View */,
				1885C53D24DC1C2200915D14 /* Cells */,
				185A96E024DFD22800AF4415 /* Gif */,
				18EC1A1C234F02360089DC31 /* Assets.xcassets */,
				1890814A234C46B60062A7BB /* AppDelegate.swift */,
				1899001F235A1CCD00CDE3FF /* Convertify.entitlements */,
				188D11E5235438DF00724124 /* Website */,
				18FDEDBE24B9F5E60000C029 /* CssJS */,
				18908158234C46B70062A7BB /* Info.plist */,
				18FDEDBB24B9F1CA0000C029 /* Utils */,
				18A711552352DE2300D16753 /* Helper */,
				189B869724F098F8001B6D32 /* Alamofire */,
			);
			path = Convertify;
			sourceTree = "<group>";
		};
		18908162234C5D580062A7BB /* Controllers */ = {
			isa = PBXGroup;
			children = (
				1866D22326234EF500C7A3C7 /* Home */,
				1866D2172623432200C7A3C7 /* THA */,
				1866D2162623431600C7A3C7 /* YOUTUBE */,
				1866D20F26232F1B00C7A3C7 /* KU */,
				1866D20826232D7E00C7A3C7 /* KQSX */,
				1866D20226232C0B00C7A3C7 /* WinningNumber */,
				1890814E234C46B60062A7BB /* HomeController.swift */,
				18316CF424CD3FA900E23B62 /* QrController.swift */,
				1885C53424DC1AE800915D14 /* ContainerController.swift */,
				1885C53624DC1B2F00915D14 /* MenuController.swift */,
			);
			path = Controllers;
			sourceTree = "<group>";
		};
		18908163234C5D6A0062A7BB /* View */ = {
			isa = PBXGroup;
			children = (
				18908150234C46B60062A7BB /* Main.storyboard */,
				18908155234C46B70062A7BB /* LaunchScreen.storyboard */,
			);
			path = View;
			sourceTree = "<group>";
		};
		18990014235A17F600CDE3FF /* PushNotification */ = {
			isa = PBXGroup;
			children = (
				18990015235A17F600CDE3FF /* NotificationService.swift */,
				18990017235A17F600CDE3FF /* Info.plist */,
			);
			path = PushNotification;
			sourceTree = "<group>";
		};
		189B869724F098F8001B6D32 /* Alamofire */ = {
			isa = PBXGroup;
			children = (
				189B86B424F09989001B6D32 /* AFError.swift */,
				189B86AA24F09985001B6D32 /* Alamofire.swift */,
				189B869A24F0997F001B6D32 /* AlamofireExtended.swift */,
				189B86B924F0998B001B6D32 /* AuthenticationInterceptor.swift */,
				189B86A324F09983001B6D32 /* CachedResponseHandler.swift */,
				189B86AC24F09986001B6D32 /* Combine.swift */,
				189B86A424F09983001B6D32 /* DispatchQueue+Alamofire.swift */,
				189B86B624F0998A001B6D32 /* EventMonitor.swift */,
				189B86AF24F09987001B6D32 /* HTTPHeaders.swift */,
				189B86B024F09988001B6D32 /* HTTPMethod.swift */,
				189B86A524F09983001B6D32 /* MultipartFormData.swift */,
				189B86A924F09985001B6D32 /* MultipartUpload.swift */,
				189B86BA24F0998C001B6D32 /* NetworkReachabilityManager.swift */,
				189B86A124F09982001B6D32 /* Notifications.swift */,
				189B86B824F0998B001B6D32 /* OperationQueue+Alamofire.swift */,
				189B86A224F09982001B6D32 /* ParameterEncoder.swift */,
				189B86B224F09988001B6D32 /* ParameterEncoding.swift */,
				189B869E24F09981001B6D32 /* Protected.swift */,
				189B869F24F09981001B6D32 /* RedirectHandler.swift */,
				189B86A824F09985001B6D32 /* Request.swift */,
				189B869C24F09980001B6D32 /* RequestInterceptor.swift */,
				189B869D24F09980001B6D32 /* RequestTaskMap.swift */,
				189B86AB24F09986001B6D32 /* Response.swift */,
				189B86B124F09988001B6D32 /* ResponseSerialization.swift */,
				189B86AD24F09986001B6D32 /* Result+Alamofire.swift */,
				189B869924F0997F001B6D32 /* RetryPolicy.swift */,
				189B86A024F09981001B6D32 /* ServerTrustEvaluation.swift */,
				189B869B24F09980001B6D32 /* Session.swift */,
				189B86B724F0998B001B6D32 /* SessionDelegate.swift */,
				189B86B324F09989001B6D32 /* StringEncoding+Alamofire.swift */,
				189B86B524F0998A001B6D32 /* URLConvertible+URLRequestConvertible.swift */,
				189B869824F0997E001B6D32 /* URLEncodedFormEncoder.swift */,
				189B86A624F09984001B6D32 /* URLRequest+Alamofire.swift */,
				189B86AE24F09987001B6D32 /* URLSessionConfiguration+Alamofire.swift */,
				189B86A724F09984001B6D32 /* Validation.swift */,
			);
			path = Alamofire;
			sourceTree = "<group>";
		};
		18A711552352DE2300D16753 /* Helper */ = {
			isa = PBXGroup;
			children = (
				18E02C4624B854580046EC6E /* ConnectionCheck.swift */,
				18E02C4424B854570046EC6E /* FileDownload.swift */,
				18E02C4324B854570046EC6E /* HexColor.swift */,
				18E02C4524B854570046EC6E /* Reachability.swift */,
				189087A224DFC671007E241D /* AddGifs.swift */,
			);
			path = Helper;
			sourceTree = "<group>";
		};
		18FDEDBB24B9F1CA0000C029 /* Utils */ = {
			isa = PBXGroup;
			children = (
				186B1B722620C76900496217 /* Services */,
				186B1B652620C68400496217 /* Utils.swift */,
				186B1B5F2620C3B300496217 /* AutoLayoutHelper.swift */,
				186B1B5B2620C34A00496217 /* Other */,
				18FDEDBC24B9F2080000C029 /* InjectUtils.swift */,
				1888874D24DD5A6F00A892C7 /* GlobalFuncs.swift */,
				1885C53824DC1B5800915D14 /* ProtocolsConstants.swift */,
				1885C54224DC1D5600915D14 /* Extensions.swift */,
				186B1B542620C29E00496217 /* UIStackView+Extension.swift */,
				186B1B622620C3F400496217 /* UIViewController+Extension.swift */,
				186B1B762620C8D700496217 /* UIView+Extension.swift */,
			);
			path = Utils;
			sourceTree = "<group>";
		};
		18FDEDBE24B9F5E60000C029 /* CssJS */ = {
			isa = PBXGroup;
			children = (
				18FDEDB924B9F1840000C029 /* test.js */,
				18FDEDB724B9F1540000C029 /* test.css */,
			);
			path = CssJS;
			sourceTree = "<group>";
		};
		1D609A1570C96FC18C1BF72F /* Frameworks */ = {
			isa = PBXGroup;
			children = (
				18F7DC8824E8B17D00F30A44 /* StoreKit.framework */,
				7436512C883B36ED736C8D61 /* Pods_Convertify.framework */,
				B3F057213D65A37C12A25B2D /* Pods_PushNotification.framework */,
			);
			name = Frameworks;
			sourceTree = "<group>";
		};
		C9C8DE2A4BCD19C8193FC006 /* Pods */ = {
			isa = PBXGroup;
			children = (
				0EE8F36262A25C8952330E09 /* Pods-Convertify.debug.xcconfig */,
				CFDD0D2B40419ECF279B66B8 /* Pods-Convertify.release.xcconfig */,
				E57C45DD68D2F661EC37E456 /* Pods-PushNotification.debug.xcconfig */,
				60D62DAFA7B4B04212F1F440 /* Pods-PushNotification.release.xcconfig */,
			);
			path = Pods;
			sourceTree = "<group>";
		};
/* End PBXGroup section */

/* Begin PBXNativeTarget section */
		18908146234C46B60062A7BB /* Convertify */ = {
			isa = PBXNativeTarget;
			buildConfigurationList = 1890815B234C46B70062A7BB /* Build configuration list for PBXNativeTarget "Convertify" */;
			buildPhases = (
				52F65764203FE7286CD5C96B /* [CP] Check Pods Manifest.lock */,
				18908143234C46B60062A7BB /* Sources */,
				18908144234C46B60062A7BB /* Frameworks */,
				18908145234C46B60062A7BB /* Resources */,
				1899001E235A17F600CDE3FF /* Embed App Extensions */,
				8B06FB058484BF7A8FA2E42C /* [CP] Embed Pods Frameworks */,
			);
			buildRules = (
			);
			dependencies = (
			);
			name = Convertify;
			productName = Convertify;
			productReference = 18908147234C46B60062A7BB /* Convertify App.app */;
			productType = "com.apple.product-type.application";
		};
/* End PBXNativeTarget section */

/* Begin PBXProject section */
		1890813F234C46B60062A7BB /* Project object */ = {
			isa = PBXProject;
			attributes = {
				LastSwiftUpdateCheck = 1110;
				LastUpgradeCheck = 1100;
				ORGANIZATIONNAME = apple001;
				TargetAttributes = {
					18908146234C46B60062A7BB = {
						CreatedOnToolsVersion = 11.0;
					};
				};
			};
			buildConfigurationList = 18908142234C46B60062A7BB /* Build configuration list for PBXProject "Convertify" */;
			compatibilityVersion = "Xcode 9.3";
			developmentRegion = en;
			hasScannedForEncodings = 0;
			knownRegions = (
				en,
				Base,
			);
			mainGroup = 1890813E234C46B60062A7BB;
			productRefGroup = 18908148234C46B60062A7BB /* Products */;
			projectDirPath = "";
			projectRoot = "";
			targets = (
				18908146234C46B60062A7BB /* Convertify */,
			);
		};
/* End PBXProject section */

/* Begin PBXResourcesBuildPhase section */
		18908145234C46B60062A7BB /* Resources */ = {
			isa = PBXResourcesBuildPhase;
			buildActionMask = 2147483647;
			files = (
				1866D21326232F2A00C7A3C7 /* KUVC.xib in Resources */,
				1866D21B2623433300C7A3C7 /* THAVC.xib in Resources */,
				18FDEDBA24B9F1840000C029 /* test.js in Resources */,
				18908157234C46B70062A7BB /* LaunchScreen.storyboard in Resources */,
				1866D2212623434900C7A3C7 /* YoutubeVC.xib in Resources */,
				1866D22726234F0700C7A3C7 /* HomeVC.xib in Resources */,
				186B1B372620C1B100496217 /* TabbarVC.xib in Resources */,
				186B1B402620C1D500496217 /* CustomTabbarView.xib in Resources */,
				1866D20C26232D8E00C7A3C7 /* KQSXVC.xib in Resources */,
				186B1B452620C1D500496217 /* CustomTabbarSubView.xib in Resources */,
				186B1B432620C1D500496217 /* TabbarView.xib in Resources */,
				18FDEDB824B9F1540000C029 /* test.css in Resources */,
				189087A924DFCE2B007E241D /* animatedText.gif in Resources */,
				1866D20626232C4B00C7A3C7 /* WinningNumberVC.xib in Resources */,
				18EC1A1D234F02360089DC31 /* Assets.xcassets in Resources */,
				188D11E6235438DF00724124 /* Website in Resources */,
				18908152234C46B60062A7BB /* Main.storyboard in Resources */,
			);
			runOnlyForDeploymentPostprocessing = 0;
		};
/* End PBXResourcesBuildPhase section */

/* Begin PBXShellScriptBuildPhase section */
		52F65764203FE7286CD5C96B /* [CP] Check Pods Manifest.lock */ = {
			isa = PBXShellScriptBuildPhase;
			buildActionMask = 2147483647;
			files = (
			);
			inputFileListPaths = (
			);
			inputPaths = (
				"${PODS_PODFILE_DIR_PATH}/Podfile.lock",
				"${PODS_ROOT}/Manifest.lock",
			);
			name = "[CP] Check Pods Manifest.lock";
			outputFileListPaths = (
			);
			outputPaths = (
				"$(DERIVED_FILE_DIR)/Pods-Convertify-checkManifestLockResult.txt",
			);
			runOnlyForDeploymentPostprocessing = 0;
			shellPath = /bin/sh;
			shellScript = "diff \"${PODS_PODFILE_DIR_PATH}/Podfile.lock\" \"${PODS_ROOT}/Manifest.lock\" > /dev/null\nif [ $? != 0 ] ; then\n    # print error to STDERR\n    echo \"error: The sandbox is not in sync with the Podfile.lock. Run 'pod install' or update your CocoaPods installation.\" >&2\n    exit 1\nfi\n# This output is used by Xcode 'outputs' to avoid re-running this script phase.\necho \"SUCCESS\" > \"${SCRIPT_OUTPUT_FILE_0}\"\n";
			showEnvVarsInLog = 0;
		};
		8B06FB058484BF7A8FA2E42C /* [CP] Embed Pods Frameworks */ = {
			isa = PBXShellScriptBuildPhase;
			buildActionMask = 2147483647;
			files = (
			);
			inputFileListPaths = (
				"${PODS_ROOT}/Target Support Files/Pods-Convertify/Pods-Convertify-frameworks-${CONFIGURATION}-input-files.xcfilelist",
			);
			name = "[CP] Embed Pods Frameworks";
			outputFileListPaths = (
				"${PODS_ROOT}/Target Support Files/Pods-Convertify/Pods-Convertify-frameworks-${CONFIGURATION}-output-files.xcfilelist",
			);
			runOnlyForDeploymentPostprocessing = 0;
			shellPath = /bin/sh;
			shellScript = "\"${PODS_ROOT}/Target Support Files/Pods-Convertify/Pods-Convertify-frameworks.sh\"\n";
			showEnvVarsInLog = 0;
		};
/* End PBXShellScriptBuildPhase section */

/* Begin PBXSourcesBuildPhase section */
		18908143234C46B60062A7BB /* Sources */ = {
			isa = PBXSourcesBuildPhase;
			buildActionMask = 2147483647;
			files = (
				186B1B602620C3B300496217 /* AutoLayoutHelper.swift in Sources */,
				1866D22626234F0700C7A3C7 /* HomeVC.swift in Sources */,
				186B1B422620C1D500496217 /* TabbarView.swift in Sources */,
				186B1B5D2620C35F00496217 /* UIColor+Extension.swift in Sources */,
				189B86C224F0998C001B6D32 /* RedirectHandler.swift in Sources */,
				189B86DD24F0998C001B6D32 /* NetworkReachabilityManager.swift in Sources */,
				189B86D024F0998C001B6D32 /* Result+Alamofire.swift in Sources */,
				189B86D924F0998C001B6D32 /* EventMonitor.swift in Sources */,
				189B86D724F0998C001B6D32 /* AFError.swift in Sources */,
				189B86BE24F0998C001B6D32 /* Session.swift in Sources */,
				189B86BF24F0998C001B6D32 /* RequestInterceptor.swift in Sources */,
				189B86D324F0998C001B6D32 /* HTTPMethod.swift in Sources */,
				189B86C524F0998C001B6D32 /* ParameterEncoder.swift in Sources */,
				189B86CE24F0998C001B6D32 /* Response.swift in Sources */,
				189B86DB24F0998C001B6D32 /* OperationQueue+Alamofire.swift in Sources */,
				189B86CB24F0998C001B6D32 /* Request.swift in Sources */,
				1890814F234C46B60062A7BB /* HomeController.swift in Sources */,
				189B86CD24F0998C001B6D32 /* Alamofire.swift in Sources */,
				1885C53524DC1AE800915D14 /* ContainerController.swift in Sources */,
				186B1B772620C8D700496217 /* UIView+Extension.swift in Sources */,
				186B1B592620C2E900496217 /* BaseCustomView.swift in Sources */,
				18E02C4A24B854580046EC6E /* ConnectionCheck.swift in Sources */,
				189B86C624F0998C001B6D32 /* CachedResponseHandler.swift in Sources */,
				186B1B662620C68400496217 /* Utils.swift in Sources */,
				189B86DA24F0998C001B6D32 /* SessionDelegate.swift in Sources */,
				186B1B522620C26000496217 /* BaseVC.swift in Sources */,
				189B86DC24F0998C001B6D32 /* AuthenticationInterceptor.swift in Sources */,
				189B86C124F0998C001B6D32 /* Protected.swift in Sources */,
				1885C53924DC1B5800915D14 /* ProtocolsConstants.swift in Sources */,
				186B1B632620C3F400496217 /* UIViewController+Extension.swift in Sources */,
				18316CF524CD3FA900E23B62 /* QrController.swift in Sources */,
				18FDEDBD24B9F2080000C029 /* InjectUtils.swift in Sources */,
				1885C53724DC1B2F00915D14 /* MenuController.swift in Sources */,
				1888874E24DD5A6F00A892C7 /* GlobalFuncs.swift in Sources */,
				1866D21226232F2A00C7A3C7 /* KUVC.swift in Sources */,
				189B86D424F0998C001B6D32 /* ResponseSerialization.swift in Sources */,
				189087A324DFC671007E241D /* AddGifs.swift in Sources */,
				1885C53F24DC1C5B00915D14 /* MenuOptionCell.swift in Sources */,
				18E02C4724B854580046EC6E /* HexColor.swift in Sources */,
				189B86CF24F0998C001B6D32 /* Combine.swift in Sources */,
				186B1B742620C78000496217 /* VCService.swift in Sources */,
				18E02C4924B854580046EC6E /* Reachability.swift in Sources */,
				189B86BB24F0998C001B6D32 /* URLEncodedFormEncoder.swift in Sources */,
				189B86C024F0998C001B6D32 /* RequestTaskMap.swift in Sources */,
				189B86C424F0998C001B6D32 /* Notifications.swift in Sources */,
				189B86C924F0998C001B6D32 /* URLRequest+Alamofire.swift in Sources */,
				189B86CA24F0998C001B6D32 /* Validation.swift in Sources */,
				1885C54324DC1D5600915D14 /* Extensions.swift in Sources */,
				189B86CC24F0998C001B6D32 /* MultipartUpload.swift in Sources */,
				189B86D824F0998C001B6D32 /* URLConvertible+URLRequestConvertible.swift in Sources */,
				189B86C324F0998C001B6D32 /* ServerTrustEvaluation.swift in Sources */,
				1866D20526232C4B00C7A3C7 /* WinningNumberVC.swift in Sources */,
				186B1B412620C1D500496217 /* CustomTabbarView.swift in Sources */,
				18E02C4824B854580046EC6E /* FileDownload.swift in Sources */,
				186B1B552620C29E00496217 /* UIStackView+Extension.swift in Sources */,
				189B86D224F0998C001B6D32 /* HTTPHeaders.swift in Sources */,
				1866D2202623434900C7A3C7 /* YoutubeVC.swift in Sources */,
				189B86C824F0998C001B6D32 /* MultipartFormData.swift in Sources */,
				1866D21A2623433300C7A3C7 /* THAVC.swift in Sources */,
				189B86D524F0998C001B6D32 /* ParameterEncoding.swift in Sources */,
				189B86C724F0998C001B6D32 /* DispatchQueue+Alamofire.swift in Sources */,
				189B86D124F0998C001B6D32 /* URLSessionConfiguration+Alamofire.swift in Sources */,
				1890814B234C46B60062A7BB /* AppDelegate.swift in Sources */,
				189B86BC24F0998C001B6D32 /* RetryPolicy.swift in Sources */,
				186B1B442620C1D500496217 /* CustomTabbarSubView.swift in Sources */,
				1866D20B26232D8E00C7A3C7 /* KQSXVC.swift in Sources */,
				1890815F234C5C5D0062A7BB /* Settings.swift in Sources */,
				189B86D624F0998C001B6D32 /* StringEncoding+Alamofire.swift in Sources */,
				186B1B362620C1B100496217 /* TabbarVC.swift in Sources */,
				189B86BD24F0998C001B6D32 /* AlamofireExtended.swift in Sources */,
			);
			runOnlyForDeploymentPostprocessing = 0;
		};
/* End PBXSourcesBuildPhase section */

/* Begin PBXVariantGroup section */
		18908150234C46B60062A7BB /* Main.storyboard */ = {
			isa = PBXVariantGroup;
			children = (
				18908151234C46B60062A7BB /* Base */,
			);
			name = Main.storyboard;
			sourceTree = "<group>";
		};
		18908155234C46B70062A7BB /* LaunchScreen.storyboard */ = {
			isa = PBXVariantGroup;
			children = (
				18908156234C46B70062A7BB /* Base */,
			);
			name = LaunchScreen.storyboard;
			sourceTree = "<group>";
		};
/* End PBXVariantGroup section */

/* Begin XCBuildConfiguration section */
		18908159234C46B70062A7BB /* Debug */ = {
			isa = XCBuildConfiguration;
			buildSettings = {
				ALWAYS_SEARCH_USER_PATHS = NO;
				CLANG_ANALYZER_NONNULL = YES;
				CLANG_ANALYZER_NUMBER_OBJECT_CONVERSION = YES_AGGRESSIVE;
				CLANG_CXX_LANGUAGE_STANDARD = "gnu++14";
				CLANG_CXX_LIBRARY = "libc++";
				CLANG_ENABLE_MODULES = YES;
				CLANG_ENABLE_OBJC_ARC = YES;
				CLANG_ENABLE_OBJC_WEAK = YES;
				CLANG_WARN_BLOCK_CAPTURE_AUTORELEASING = YES;
				CLANG_WARN_BOOL_CONVERSION = YES;
				CLANG_WARN_COMMA = YES;
				CLANG_WARN_CONSTANT_CONVERSION = YES;
				CLANG_WARN_DEPRECATED_OBJC_IMPLEMENTATIONS = YES;
				CLANG_WARN_DIRECT_OBJC_ISA_USAGE = YES_ERROR;
				CLANG_WARN_DOCUMENTATION_COMMENTS = YES;
				CLANG_WARN_EMPTY_BODY = YES;
				CLANG_WARN_ENUM_CONVERSION = YES;
				CLANG_WARN_INFINITE_RECURSION = YES;
				CLANG_WARN_INT_CONVERSION = YES;
				CLANG_WARN_NON_LITERAL_NULL_CONVERSION = YES;
				CLANG_WARN_OBJC_IMPLICIT_RETAIN_SELF = YES;
				CLANG_WARN_OBJC_LITERAL_CONVERSION = YES;
				CLANG_WARN_OBJC_ROOT_CLASS = YES_ERROR;
				CLANG_WARN_RANGE_LOOP_ANALYSIS = YES;
				CLANG_WARN_STRICT_PROTOTYPES = YES;
				CLANG_WARN_SUSPICIOUS_MOVE = YES;
				CLANG_WARN_UNGUARDED_AVAILABILITY = YES_AGGRESSIVE;
				CLANG_WARN_UNREACHABLE_CODE = YES;
				CLANG_WARN__DUPLICATE_METHOD_MATCH = YES;
				COPY_PHASE_STRIP = NO;
				DEBUG_INFORMATION_FORMAT = dwarf;
				ENABLE_STRICT_OBJC_MSGSEND = YES;
				ENABLE_TESTABILITY = YES;
				GCC_C_LANGUAGE_STANDARD = gnu11;
				GCC_DYNAMIC_NO_PIC = NO;
				GCC_NO_COMMON_BLOCKS = YES;
				GCC_OPTIMIZATION_LEVEL = 0;
				GCC_PREPROCESSOR_DEFINITIONS = (
					"DEBUG=1",
					"$(inherited)",
				);
				GCC_WARN_64_TO_32_BIT_CONVERSION = YES;
				GCC_WARN_ABOUT_RETURN_TYPE = YES_ERROR;
				GCC_WARN_UNDECLARED_SELECTOR = YES;
				GCC_WARN_UNINITIALIZED_AUTOS = YES_AGGRESSIVE;
				GCC_WARN_UNUSED_FUNCTION = YES;
				GCC_WARN_UNUSED_VARIABLE = YES;
				IPHONEOS_DEPLOYMENT_TARGET = 10.3;
				MTL_ENABLE_DEBUG_INFO = INCLUDE_SOURCE;
				MTL_FAST_MATH = YES;
				ONLY_ACTIVE_ARCH = YES;
				SDKROOT = iphoneos;
				SWIFT_ACTIVE_COMPILATION_CONDITIONS = DEBUG;
				SWIFT_OPTIMIZATION_LEVEL = "-Onone";
			};
			name = Debug;
		};
		1890815A234C46B70062A7BB /* Release */ = {
			isa = XCBuildConfiguration;
			buildSettings = {
				ALWAYS_SEARCH_USER_PATHS = NO;
				CLANG_ANALYZER_NONNULL = YES;
				CLANG_ANALYZER_NUMBER_OBJECT_CONVERSION = YES_AGGRESSIVE;
				CLANG_CXX_LANGUAGE_STANDARD = "gnu++14";
				CLANG_CXX_LIBRARY = "libc++";
				CLANG_ENABLE_MODULES = YES;
				CLANG_ENABLE_OBJC_ARC = YES;
				CLANG_ENABLE_OBJC_WEAK = YES;
				CLANG_WARN_BLOCK_CAPTURE_AUTORELEASING = YES;
				CLANG_WARN_BOOL_CONVERSION = YES;
				CLANG_WARN_COMMA = YES;
				CLANG_WARN_CONSTANT_CONVERSION = YES;
				CLANG_WARN_DEPRECATED_OBJC_IMPLEMENTATIONS = YES;
				CLANG_WARN_DIRECT_OBJC_ISA_USAGE = YES_ERROR;
				CLANG_WARN_DOCUMENTATION_COMMENTS = YES;
				CLANG_WARN_EMPTY_BODY = YES;
				CLANG_WARN_ENUM_CONVERSION = YES;
				CLANG_WARN_INFINITE_RECURSION = YES;
				CLANG_WARN_INT_CONVERSION = YES;
				CLANG_WARN_NON_LITERAL_NULL_CONVERSION = YES;
				CLANG_WARN_OBJC_IMPLICIT_RETAIN_SELF = YES;
				CLANG_WARN_OBJC_LITERAL_CONVERSION = YES;
				CLANG_WARN_OBJC_ROOT_CLASS = YES_ERROR;
				CLANG_WARN_RANGE_LOOP_ANALYSIS = YES;
				CLANG_WARN_STRICT_PROTOTYPES = YES;
				CLANG_WARN_SUSPICIOUS_MOVE = YES;
				CLANG_WARN_UNGUARDED_AVAILABILITY = YES_AGGRESSIVE;
				CLANG_WARN_UNREACHABLE_CODE = YES;
				CLANG_WARN__DUPLICATE_METHOD_MATCH = YES;
				COPY_PHASE_STRIP = NO;
				DEBUG_INFORMATION_FORMAT = "dwarf-with-dsym";
				ENABLE_NS_ASSERTIONS = NO;
				ENABLE_STRICT_OBJC_MSGSEND = YES;
				GCC_C_LANGUAGE_STANDARD = gnu11;
				GCC_NO_COMMON_BLOCKS = YES;
				GCC_WARN_64_TO_32_BIT_CONVERSION = YES;
				GCC_WARN_ABOUT_RETURN_TYPE = YES_ERROR;
				GCC_WARN_UNDECLARED_SELECTOR = YES;
				GCC_WARN_UNINITIALIZED_AUTOS = YES_AGGRESSIVE;
				GCC_WARN_UNUSED_FUNCTION = YES;
				GCC_WARN_UNUSED_VARIABLE = YES;
				IPHONEOS_DEPLOYMENT_TARGET = 10.3;
				MTL_ENABLE_DEBUG_INFO = NO;
				MTL_FAST_MATH = YES;
				SDKROOT = iphoneos;
				SWIFT_COMPILATION_MODE = wholemodule;
				SWIFT_OPTIMIZATION_LEVEL = "-O";
				VALIDATE_PRODUCT = YES;
			};
			name = Release;
		};
		1890815C234C46B70062A7BB /* Debug */ = {
			isa = XCBuildConfiguration;
			baseConfigurationReference = 0EE8F36262A25C8952330E09 /* Pods-Convertify.debug.xcconfig */;
			buildSettings = {
				ALWAYS_EMBED_SWIFT_STANDARD_LIBRARIES = "$(inherited)";
				ASSETCATALOG_COMPILER_APPICON_NAME = AppIcon;
				CODE_SIGN_ENTITLEMENTS = Convertify/Convertify.entitlements;
				CODE_SIGN_IDENTITY = "iPhone Developer";
				CODE_SIGN_STYLE = Manual;
				DEVELOPMENT_TEAM = VM7X7PQ3TE;
				FRAMEWORK_SEARCH_PATHS = "$(inherited)";
				INFOPLIST_FILE = Convertify/Info.plist;
				IPHONEOS_DEPLOYMENT_TARGET = 11.0;
				LD_RUNPATH_SEARCH_PATHS = (
					"$(inherited)",
					"@executable_path/Frameworks",
				);
				PRODUCT_BUNDLE_IDENTIFIER = stg.com.wincar.gps;
				PRODUCT_NAME = "Convertify App";
				PROVISIONING_PROFILE_SPECIFIER = "Demo WinCar GPS Develop";
				SWIFT_VERSION = 5.0;
				TARGETED_DEVICE_FAMILY = 1;
			};
			name = Debug;
		};
		1890815D234C46B70062A7BB /* Release */ = {
			isa = XCBuildConfiguration;
			baseConfigurationReference = CFDD0D2B40419ECF279B66B8 /* Pods-Convertify.release.xcconfig */;
			buildSettings = {
				ALWAYS_EMBED_SWIFT_STANDARD_LIBRARIES = "$(inherited)";
				ASSETCATALOG_COMPILER_APPICON_NAME = AppIcon;
				CODE_SIGN_ENTITLEMENTS = Convertify/Convertify.entitlements;
				CODE_SIGN_IDENTITY = "iPhone Developer";
				CODE_SIGN_STYLE = Manual;
				DEVELOPMENT_TEAM = VM7X7PQ3TE;
				FRAMEWORK_SEARCH_PATHS = "$(inherited)";
				INFOPLIST_FILE = Convertify/Info.plist;
				IPHONEOS_DEPLOYMENT_TARGET = 11.0;
				LD_RUNPATH_SEARCH_PATHS = (
					"$(inherited)",
					"@executable_path/Frameworks",
				);
				PRODUCT_BUNDLE_IDENTIFIER = stg.com.wincar.gps;
				PRODUCT_NAME = "Convertify App";
				PROVISIONING_PROFILE_SPECIFIER = "Demo WinCar GPS Develop";
				SWIFT_VERSION = 5.0;
				TARGETED_DEVICE_FAMILY = 1;
			};
			name = Release;
		};
/* End XCBuildConfiguration section */

/* Begin XCConfigurationList section */
		18908142234C46B60062A7BB /* Build configuration list for PBXProject "Convertify" */ = {
			isa = XCConfigurationList;
			buildConfigurations = (
				18908159234C46B70062A7BB /* Debug */,
				1890815A234C46B70062A7BB /* Release */,
			);
			defaultConfigurationIsVisible = 0;
			defaultConfigurationName = Release;
		};
		1890815B234C46B70062A7BB /* Build configuration list for PBXNativeTarget "Convertify" */ = {
			isa = XCConfigurationList;
			buildConfigurations = (
				1890815C234C46B70062A7BB /* Debug */,
				1890815D234C46B70062A7BB /* Release */,
			);
			defaultConfigurationIsVisible = 0;
			defaultConfigurationName = Release;
		};
/* End XCConfigurationList section */
	};
	rootObject = 1890813F234C46B60062A7BB /* Project object */;
}
